// !$*UTF8*$!
{
	archiveVersion = 1;
	classes = {
	};
	objectVersion = 52;
	objects = {

/* Begin PBXBuildFile section */
		4117DBFD26ECB59100DE4AEA /* SwiftUIKit in Frameworks */ = {isa = PBXBuildFile; productRef = 4117DBFC26ECB59100DE4AEA /* SwiftUIKit */; };
		416F64FA26EE244C000DF69C /* AppDelegate.swift in Sources */ = {isa = PBXBuildFile; fileRef = 416F64F926EE244C000DF69C /* AppDelegate.swift */; };
		416F64FC26EE244C000DF69C /* SceneDelegate.swift in Sources */ = {isa = PBXBuildFile; fileRef = 416F64FB26EE244C000DF69C /* SceneDelegate.swift */; };
		416F650626EE244F000DF69C /* LaunchScreen.storyboard in Resources */ = {isa = PBXBuildFile; fileRef = 416F650426EE244F000DF69C /* LaunchScreen.storyboard */; };
		416F650E26EE24D8000DF69C /* SettingsEditor in Frameworks */ = {isa = PBXBuildFile; productRef = 416F650D26EE24D8000DF69C /* SettingsEditor */; };
		418F9A1426ECB39A0005624B /* AppDelegate.swift in Sources */ = {isa = PBXBuildFile; fileRef = 418F9A1326ECB39A0005624B /* AppDelegate.swift */; };
		418F9A1626ECB39A0005624B /* SceneDelegate.swift in Sources */ = {isa = PBXBuildFile; fileRef = 418F9A1526ECB39A0005624B /* SceneDelegate.swift */; };
		418F9A1826ECB39A0005624B /* AppViewController.swift in Sources */ = {isa = PBXBuildFile; fileRef = 418F9A1726ECB39A0005624B /* AppViewController.swift */; };
		418F9A1B26ECB39A0005624B /* Main.storyboard in Resources */ = {isa = PBXBuildFile; fileRef = 418F9A1926ECB39A0005624B /* Main.storyboard */; };
		418F9A1D26ECB39B0005624B /* Assets.xcassets in Resources */ = {isa = PBXBuildFile; fileRef = 418F9A1C26ECB39B0005624B /* Assets.xcassets */; };
		418F9A2026ECB39B0005624B /* LaunchScreen.storyboard in Resources */ = {isa = PBXBuildFile; fileRef = 418F9A1E26ECB39B0005624B /* LaunchScreen.storyboard */; };
		4198973126EE0996008CB625 /* AppDelegate.swift in Sources */ = {isa = PBXBuildFile; fileRef = 4198973026EE0996008CB625 /* AppDelegate.swift */; };
		4198973326EE0996008CB625 /* SceneDelegate.swift in Sources */ = {isa = PBXBuildFile; fileRef = 4198973226EE0996008CB625 /* SceneDelegate.swift */; };
		4198973D26EE099A008CB625 /* LaunchScreen.storyboard in Resources */ = {isa = PBXBuildFile; fileRef = 4198973B26EE099A008CB625 /* LaunchScreen.storyboard */; };
		4198974326EE0A61008CB625 /* NotificationSettingsEditor in Frameworks */ = {isa = PBXBuildFile; productRef = 4198974226EE0A61008CB625 /* NotificationSettingsEditor */; };
		41B9AA7A26EF315500CE6606 /* AppDelegate.swift in Sources */ = {isa = PBXBuildFile; fileRef = 41B9AA7926EF315500CE6606 /* AppDelegate.swift */; };
		41B9AA7C26EF315500CE6606 /* SceneDelegate.swift in Sources */ = {isa = PBXBuildFile; fileRef = 41B9AA7B26EF315500CE6606 /* SceneDelegate.swift */; };
		41B9AA8626EF315900CE6606 /* LaunchScreen.storyboard in Resources */ = {isa = PBXBuildFile; fileRef = 41B9AA8426EF315900CE6606 /* LaunchScreen.storyboard */; };
		41B9AA8C26EF324500CE6606 /* RingsView in Frameworks */ = {isa = PBXBuildFile; productRef = 41B9AA8B26EF324500CE6606 /* RingsView */; };
		41F7333A26EFDC6800D96D11 /* RingsView in Frameworks */ = {isa = PBXBuildFile; productRef = 41F7333926EFDC6800D96D11 /* RingsView */; };
/* End PBXBuildFile section */

/* Begin PBXFileReference section */
		416F64F726EE244C000DF69C /* SettingsEditorPreview.app */ = {isa = PBXFileReference; explicitFileType = wrapper.application; includeInIndex = 0; path = SettingsEditorPreview.app; sourceTree = BUILT_PRODUCTS_DIR; };
		416F64F926EE244C000DF69C /* AppDelegate.swift */ = {isa = PBXFileReference; lastKnownFileType = sourcecode.swift; path = AppDelegate.swift; sourceTree = "<group>"; };
		416F64FB26EE244C000DF69C /* SceneDelegate.swift */ = {isa = PBXFileReference; lastKnownFileType = sourcecode.swift; path = SceneDelegate.swift; sourceTree = "<group>"; };
		416F650526EE244F000DF69C /* Base */ = {isa = PBXFileReference; lastKnownFileType = file.storyboard; name = Base; path = Base.lproj/LaunchScreen.storyboard; sourceTree = "<group>"; };
		416F650726EE244F000DF69C /* Info.plist */ = {isa = PBXFileReference; lastKnownFileType = text.plist.xml; path = Info.plist; sourceTree = "<group>"; };
		418F9A1126ECB39A0005624B /* iOS.app */ = {isa = PBXFileReference; explicitFileType = wrapper.application; includeInIndex = 0; path = iOS.app; sourceTree = BUILT_PRODUCTS_DIR; };
		418F9A1326ECB39A0005624B /* AppDelegate.swift */ = {isa = PBXFileReference; lastKnownFileType = sourcecode.swift; path = AppDelegate.swift; sourceTree = "<group>"; };
		418F9A1526ECB39A0005624B /* SceneDelegate.swift */ = {isa = PBXFileReference; lastKnownFileType = sourcecode.swift; path = SceneDelegate.swift; sourceTree = "<group>"; };
		418F9A1726ECB39A0005624B /* AppViewController.swift */ = {isa = PBXFileReference; lastKnownFileType = sourcecode.swift; path = AppViewController.swift; sourceTree = "<group>"; };
		418F9A1A26ECB39A0005624B /* Base */ = {isa = PBXFileReference; lastKnownFileType = file.storyboard; name = Base; path = Base.lproj/Main.storyboard; sourceTree = "<group>"; };
		418F9A1C26ECB39B0005624B /* Assets.xcassets */ = {isa = PBXFileReference; lastKnownFileType = folder.assetcatalog; path = Assets.xcassets; sourceTree = "<group>"; };
		418F9A1F26ECB39B0005624B /* Base */ = {isa = PBXFileReference; lastKnownFileType = file.storyboard; name = Base; path = Base.lproj/LaunchScreen.storyboard; sourceTree = "<group>"; };
		418F9A2126ECB39B0005624B /* Info.plist */ = {isa = PBXFileReference; lastKnownFileType = text.plist.xml; path = Info.plist; sourceTree = "<group>"; };
		4198972E26EE0996008CB625 /* NotificationSettingsEditorPreview.app */ = {isa = PBXFileReference; explicitFileType = wrapper.application; includeInIndex = 0; path = NotificationSettingsEditorPreview.app; sourceTree = BUILT_PRODUCTS_DIR; };
		4198973026EE0996008CB625 /* AppDelegate.swift */ = {isa = PBXFileReference; lastKnownFileType = sourcecode.swift; path = AppDelegate.swift; sourceTree = "<group>"; };
		4198973226EE0996008CB625 /* SceneDelegate.swift */ = {isa = PBXFileReference; lastKnownFileType = sourcecode.swift; path = SceneDelegate.swift; sourceTree = "<group>"; };
		4198973C26EE099A008CB625 /* Base */ = {isa = PBXFileReference; lastKnownFileType = file.storyboard; name = Base; path = Base.lproj/LaunchScreen.storyboard; sourceTree = "<group>"; };
		4198973E26EE099A008CB625 /* Info.plist */ = {isa = PBXFileReference; lastKnownFileType = text.plist.xml; path = Info.plist; sourceTree = "<group>"; };
		41B9AA7726EF315500CE6606 /* RingsViewPreview.app */ = {isa = PBXFileReference; explicitFileType = wrapper.application; includeInIndex = 0; path = RingsViewPreview.app; sourceTree = BUILT_PRODUCTS_DIR; };
		41B9AA7926EF315500CE6606 /* AppDelegate.swift */ = {isa = PBXFileReference; lastKnownFileType = sourcecode.swift; path = AppDelegate.swift; sourceTree = "<group>"; };
		41B9AA7B26EF315500CE6606 /* SceneDelegate.swift */ = {isa = PBXFileReference; lastKnownFileType = sourcecode.swift; path = SceneDelegate.swift; sourceTree = "<group>"; };
		41B9AA8526EF315900CE6606 /* Base */ = {isa = PBXFileReference; lastKnownFileType = file.storyboard; name = Base; path = Base.lproj/LaunchScreen.storyboard; sourceTree = "<group>"; };
		41B9AA8726EF315900CE6606 /* Info.plist */ = {isa = PBXFileReference; lastKnownFileType = text.plist.xml; path = Info.plist; sourceTree = "<group>"; };
/* End PBXFileReference section */

/* Begin PBXFrameworksBuildPhase section */
		416F64F426EE244C000DF69C /* Frameworks */ = {
			isa = PBXFrameworksBuildPhase;
			buildActionMask = 2147483647;
			files = (
				416F650E26EE24D8000DF69C /* SettingsEditor in Frameworks */,
			);
			runOnlyForDeploymentPostprocessing = 0;
		};
		418F9A0E26ECB39A0005624B /* Frameworks */ = {
			isa = PBXFrameworksBuildPhase;
			buildActionMask = 2147483647;
			files = (
				4117DBFD26ECB59100DE4AEA /* SwiftUIKit in Frameworks */,
				41F7333A26EFDC6800D96D11 /* RingsView in Frameworks */,
			);
			runOnlyForDeploymentPostprocessing = 0;
		};
		4198972B26EE0996008CB625 /* Frameworks */ = {
			isa = PBXFrameworksBuildPhase;
			buildActionMask = 2147483647;
			files = (
				4198974326EE0A61008CB625 /* NotificationSettingsEditor in Frameworks */,
			);
			runOnlyForDeploymentPostprocessing = 0;
		};
		41B9AA7426EF315500CE6606 /* Frameworks */ = {
			isa = PBXFrameworksBuildPhase;
			buildActionMask = 2147483647;
			files = (
				41B9AA8C26EF324500CE6606 /* RingsView in Frameworks */,
			);
			runOnlyForDeploymentPostprocessing = 0;
		};
/* End PBXFrameworksBuildPhase section */

/* Begin PBXGroup section */
		4117DBFB26ECB59100DE4AEA /* Frameworks */ = {
			isa = PBXGroup;
			children = (
			);
			name = Frameworks;
			sourceTree = "<group>";
		};
		416F64F226EE11E5000DF69C /* Previews */ = {
			isa = PBXGroup;
			children = (
				4198972F26EE0996008CB625 /* NotificationSettingsEditorPreview */,
				416F64F826EE244C000DF69C /* SettingsEditorPreview */,
				41B9AA7826EF315500CE6606 /* RingsViewPreview */,
			);
			path = Previews;
			sourceTree = "<group>";
		};
		416F64F826EE244C000DF69C /* SettingsEditorPreview */ = {
			isa = PBXGroup;
			children = (
				416F64F926EE244C000DF69C /* AppDelegate.swift */,
				416F64FB26EE244C000DF69C /* SceneDelegate.swift */,
				416F650426EE244F000DF69C /* LaunchScreen.storyboard */,
				416F650726EE244F000DF69C /* Info.plist */,
			);
			path = SettingsEditorPreview;
			sourceTree = "<group>";
		};
		418F99ED26ECB3830005624B = {
			isa = PBXGroup;
			children = (
				418F9A1226ECB39A0005624B /* iOS */,
				416F64F226EE11E5000DF69C /* Previews */,
				418F99F726ECB3830005624B /* Products */,
				4117DBFB26ECB59100DE4AEA /* Frameworks */,
			);
			sourceTree = "<group>";
		};
		418F99F726ECB3830005624B /* Products */ = {
			isa = PBXGroup;
			children = (
				418F9A1126ECB39A0005624B /* iOS.app */,
				4198972E26EE0996008CB625 /* NotificationSettingsEditorPreview.app */,
				416F64F726EE244C000DF69C /* SettingsEditorPreview.app */,
				41B9AA7726EF315500CE6606 /* RingsViewPreview.app */,
			);
			name = Products;
			sourceTree = "<group>";
		};
		418F9A1226ECB39A0005624B /* iOS */ = {
			isa = PBXGroup;
			children = (
				418F9A1326ECB39A0005624B /* AppDelegate.swift */,
				418F9A1526ECB39A0005624B /* SceneDelegate.swift */,
				418F9A1726ECB39A0005624B /* AppViewController.swift */,
				418F9A1926ECB39A0005624B /* Main.storyboard */,
				418F9A1C26ECB39B0005624B /* Assets.xcassets */,
				418F9A1E26ECB39B0005624B /* LaunchScreen.storyboard */,
				418F9A2126ECB39B0005624B /* Info.plist */,
			);
			path = iOS;
			sourceTree = "<group>";
		};
		4198972F26EE0996008CB625 /* NotificationSettingsEditorPreview */ = {
			isa = PBXGroup;
			children = (
				4198973026EE0996008CB625 /* AppDelegate.swift */,
				4198973226EE0996008CB625 /* SceneDelegate.swift */,
				4198973B26EE099A008CB625 /* LaunchScreen.storyboard */,
				4198973E26EE099A008CB625 /* Info.plist */,
			);
			path = NotificationSettingsEditorPreview;
			sourceTree = "<group>";
		};
		41B9AA7826EF315500CE6606 /* RingsViewPreview */ = {
			isa = PBXGroup;
			children = (
				41B9AA7926EF315500CE6606 /* AppDelegate.swift */,
				41B9AA7B26EF315500CE6606 /* SceneDelegate.swift */,
				41B9AA8426EF315900CE6606 /* LaunchScreen.storyboard */,
				41B9AA8726EF315900CE6606 /* Info.plist */,
			);
			path = RingsViewPreview;
			sourceTree = "<group>";
		};
/* End PBXGroup section */

/* Begin PBXNativeTarget section */
		416F64F626EE244C000DF69C /* SettingsEditorPreview */ = {
			isa = PBXNativeTarget;
			buildConfigurationList = 416F650826EE244F000DF69C /* Build configuration list for PBXNativeTarget "SettingsEditorPreview" */;
			buildPhases = (
				416F64F326EE244C000DF69C /* Sources */,
				416F64F426EE244C000DF69C /* Frameworks */,
				416F64F526EE244C000DF69C /* Resources */,
			);
			buildRules = (
			);
			dependencies = (
			);
			name = SettingsEditorPreview;
			packageProductDependencies = (
				416F650D26EE24D8000DF69C /* SettingsEditor */,
			);
			productName = SettingsEditorPreview;
			productReference = 416F64F726EE244C000DF69C /* SettingsEditorPreview.app */;
			productType = "com.apple.product-type.application";
		};
		418F9A1026ECB39A0005624B /* iOS */ = {
			isa = PBXNativeTarget;
			buildConfigurationList = 418F9A2226ECB39B0005624B /* Build configuration list for PBXNativeTarget "iOS" */;
			buildPhases = (
				418F9A0D26ECB39A0005624B /* Sources */,
				418F9A0E26ECB39A0005624B /* Frameworks */,
				418F9A0F26ECB39A0005624B /* Resources */,
			);
			buildRules = (
			);
			dependencies = (
			);
			name = iOS;
			packageProductDependencies = (
				4117DBFC26ECB59100DE4AEA /* SwiftUIKit */,
				41F7333926EFDC6800D96D11 /* RingsView */,
			);
			productName = iOS;
			productReference = 418F9A1126ECB39A0005624B /* iOS.app */;
			productType = "com.apple.product-type.application";
		};
		4198972D26EE0996008CB625 /* NotificationSettingsEditorPreview */ = {
			isa = PBXNativeTarget;
			buildConfigurationList = 4198974126EE099A008CB625 /* Build configuration list for PBXNativeTarget "NotificationSettingsEditorPreview" */;
			buildPhases = (
				4198972A26EE0996008CB625 /* Sources */,
				4198972B26EE0996008CB625 /* Frameworks */,
				4198972C26EE0996008CB625 /* Resources */,
			);
			buildRules = (
			);
			dependencies = (
			);
			name = NotificationSettingsEditorPreview;
			packageProductDependencies = (
				4198974226EE0A61008CB625 /* NotificationSettingsEditor */,
			);
			productName = NotificationSettingsEditorPreview;
			productReference = 4198972E26EE0996008CB625 /* NotificationSettingsEditorPreview.app */;
			productType = "com.apple.product-type.application";
		};
		41B9AA7626EF315500CE6606 /* RingsViewPreview */ = {
			isa = PBXNativeTarget;
			buildConfigurationList = 41B9AA8A26EF315900CE6606 /* Build configuration list for PBXNativeTarget "RingsViewPreview" */;
			buildPhases = (
				41B9AA7326EF315500CE6606 /* Sources */,
				41B9AA7426EF315500CE6606 /* Frameworks */,
				41B9AA7526EF315500CE6606 /* Resources */,
			);
			buildRules = (
			);
			dependencies = (
			);
			name = RingsViewPreview;
			packageProductDependencies = (
				41B9AA8B26EF324500CE6606 /* RingsView */,
			);
			productName = RingsViewPreview;
			productReference = 41B9AA7726EF315500CE6606 /* RingsViewPreview.app */;
			productType = "com.apple.product-type.application";
		};
/* End PBXNativeTarget section */

/* Begin PBXProject section */
		418F99EE26ECB3830005624B /* Project object */ = {
			isa = PBXProject;
			attributes = {
				LastSwiftUpdateCheck = 1300;
				LastUpgradeCheck = 1250;
				TargetAttributes = {
					416F64F626EE244C000DF69C = {
						CreatedOnToolsVersion = 13.0;
					};
					418F9A1026ECB39A0005624B = {
						CreatedOnToolsVersion = 12.5.1;
					};
					4198972D26EE0996008CB625 = {
						CreatedOnToolsVersion = 13.0;
					};
					41B9AA7626EF315500CE6606 = {
						CreatedOnToolsVersion = 13.0;
					};
				};
			};
			buildConfigurationList = 418F99F126ECB3830005624B /* Build configuration list for PBXProject "TimeTargets" */;
			compatibilityVersion = "Xcode 9.3";
			developmentRegion = en;
			hasScannedForEncodings = 0;
			knownRegions = (
				en,
				Base,
			);
			mainGroup = 418F99ED26ECB3830005624B;
			productRefGroup = 418F99F726ECB3830005624B /* Products */;
			projectDirPath = "";
			projectRoot = "";
			targets = (
				418F9A1026ECB39A0005624B /* iOS */,
				4198972D26EE0996008CB625 /* NotificationSettingsEditorPreview */,
				416F64F626EE244C000DF69C /* SettingsEditorPreview */,
				41B9AA7626EF315500CE6606 /* RingsViewPreview */,
			);
		};
/* End PBXProject section */

/* Begin PBXResourcesBuildPhase section */
		416F64F526EE244C000DF69C /* Resources */ = {
			isa = PBXResourcesBuildPhase;
			buildActionMask = 2147483647;
			files = (
				416F650626EE244F000DF69C /* LaunchScreen.storyboard in Resources */,
			);
			runOnlyForDeploymentPostprocessing = 0;
		};
		418F9A0F26ECB39A0005624B /* Resources */ = {
			isa = PBXResourcesBuildPhase;
			buildActionMask = 2147483647;
			files = (
				418F9A2026ECB39B0005624B /* LaunchScreen.storyboard in Resources */,
				418F9A1D26ECB39B0005624B /* Assets.xcassets in Resources */,
				418F9A1B26ECB39A0005624B /* Main.storyboard in Resources */,
			);
			runOnlyForDeploymentPostprocessing = 0;
		};
		4198972C26EE0996008CB625 /* Resources */ = {
			isa = PBXResourcesBuildPhase;
			buildActionMask = 2147483647;
			files = (
				4198973D26EE099A008CB625 /* LaunchScreen.storyboard in Resources */,
			);
			runOnlyForDeploymentPostprocessing = 0;
		};
		41B9AA7526EF315500CE6606 /* Resources */ = {
			isa = PBXResourcesBuildPhase;
			buildActionMask = 2147483647;
			files = (
				41B9AA8626EF315900CE6606 /* LaunchScreen.storyboard in Resources */,
			);
			runOnlyForDeploymentPostprocessing = 0;
		};
/* End PBXResourcesBuildPhase section */

/* Begin PBXSourcesBuildPhase section */
		416F64F326EE244C000DF69C /* Sources */ = {
			isa = PBXSourcesBuildPhase;
			buildActionMask = 2147483647;
			files = (
				416F64FA26EE244C000DF69C /* AppDelegate.swift in Sources */,
				416F64FC26EE244C000DF69C /* SceneDelegate.swift in Sources */,
			);
			runOnlyForDeploymentPostprocessing = 0;
		};
		418F9A0D26ECB39A0005624B /* Sources */ = {
			isa = PBXSourcesBuildPhase;
			buildActionMask = 2147483647;
			files = (
				418F9A1826ECB39A0005624B /* AppViewController.swift in Sources */,
				418F9A1426ECB39A0005624B /* AppDelegate.swift in Sources */,
				418F9A1626ECB39A0005624B /* SceneDelegate.swift in Sources */,
			);
			runOnlyForDeploymentPostprocessing = 0;
		};
		4198972A26EE0996008CB625 /* Sources */ = {
			isa = PBXSourcesBuildPhase;
			buildActionMask = 2147483647;
			files = (
				4198973126EE0996008CB625 /* AppDelegate.swift in Sources */,
				4198973326EE0996008CB625 /* SceneDelegate.swift in Sources */,
			);
			runOnlyForDeploymentPostprocessing = 0;
		};
		41B9AA7326EF315500CE6606 /* Sources */ = {
			isa = PBXSourcesBuildPhase;
			buildActionMask = 2147483647;
			files = (
				41B9AA7A26EF315500CE6606 /* AppDelegate.swift in Sources */,
				41B9AA7C26EF315500CE6606 /* SceneDelegate.swift in Sources */,
			);
			runOnlyForDeploymentPostprocessing = 0;
		};
/* End PBXSourcesBuildPhase section */

/* Begin PBXVariantGroup section */
		416F650426EE244F000DF69C /* LaunchScreen.storyboard */ = {
			isa = PBXVariantGroup;
			children = (
				416F650526EE244F000DF69C /* Base */,
			);
			name = LaunchScreen.storyboard;
			sourceTree = "<group>";
		};
		418F9A1926ECB39A0005624B /* Main.storyboard */ = {
			isa = PBXVariantGroup;
			children = (
				418F9A1A26ECB39A0005624B /* Base */,
			);
			name = Main.storyboard;
			sourceTree = "<group>";
		};
		418F9A1E26ECB39B0005624B /* LaunchScreen.storyboard */ = {
			isa = PBXVariantGroup;
			children = (
				418F9A1F26ECB39B0005624B /* Base */,
			);
			name = LaunchScreen.storyboard;
			sourceTree = "<group>";
		};
		4198973B26EE099A008CB625 /* LaunchScreen.storyboard */ = {
			isa = PBXVariantGroup;
			children = (
				4198973C26EE099A008CB625 /* Base */,
			);
			name = LaunchScreen.storyboard;
			sourceTree = "<group>";
		};
		41B9AA8426EF315900CE6606 /* LaunchScreen.storyboard */ = {
			isa = PBXVariantGroup;
			children = (
				41B9AA8526EF315900CE6606 /* Base */,
			);
			name = LaunchScreen.storyboard;
			sourceTree = "<group>";
		};
/* End PBXVariantGroup section */

/* Begin XCBuildConfiguration section */
		416F650926EE244F000DF69C /* Debug */ = {
			isa = XCBuildConfiguration;
			buildSettings = {
				ASSETCATALOG_COMPILER_APPICON_NAME = AppIcon;
				ASSETCATALOG_COMPILER_GLOBAL_ACCENT_COLOR_NAME = AccentColor;
				CLANG_CXX_LANGUAGE_STANDARD = "gnu++17";
				CODE_SIGN_STYLE = Automatic;
				CURRENT_PROJECT_VERSION = 1;
				DEVELOPMENT_TEAM = F3Q5VERFTA;
				GENERATE_INFOPLIST_FILE = YES;
				INFOPLIST_FILE = Previews/SettingsEditorPreview/Info.plist;
				INFOPLIST_KEY_UIApplicationSupportsIndirectInputEvents = YES;
				INFOPLIST_KEY_UILaunchStoryboardName = LaunchScreen;
				INFOPLIST_KEY_UISupportedInterfaceOrientations_iPad = "UIInterfaceOrientationPortrait UIInterfaceOrientationPortraitUpsideDown UIInterfaceOrientationLandscapeLeft UIInterfaceOrientationLandscapeRight";
				INFOPLIST_KEY_UISupportedInterfaceOrientations_iPhone = "UIInterfaceOrientationPortrait UIInterfaceOrientationLandscapeLeft UIInterfaceOrientationLandscapeRight";
				LD_RUNPATH_SEARCH_PATHS = (
					"$(inherited)",
					"@executable_path/Frameworks",
				);
				MARKETING_VERSION = 1.0;
				PRODUCT_BUNDLE_IDENTIFIER = com.something.SettingsEditorPreview;
				PRODUCT_NAME = "$(TARGET_NAME)";
				SWIFT_EMIT_LOC_STRINGS = YES;
				SWIFT_VERSION = 5.0;
				TARGETED_DEVICE_FAMILY = "1,2";
			};
			name = Debug;
		};
		416F650A26EE244F000DF69C /* Release */ = {
			isa = XCBuildConfiguration;
			buildSettings = {
				ASSETCATALOG_COMPILER_APPICON_NAME = AppIcon;
				ASSETCATALOG_COMPILER_GLOBAL_ACCENT_COLOR_NAME = AccentColor;
				CLANG_CXX_LANGUAGE_STANDARD = "gnu++17";
				CODE_SIGN_STYLE = Automatic;
				CURRENT_PROJECT_VERSION = 1;
				DEVELOPMENT_TEAM = F3Q5VERFTA;
				GENERATE_INFOPLIST_FILE = YES;
				INFOPLIST_FILE = Previews/SettingsEditorPreview/Info.plist;
				INFOPLIST_KEY_UIApplicationSupportsIndirectInputEvents = YES;
				INFOPLIST_KEY_UILaunchStoryboardName = LaunchScreen;
				INFOPLIST_KEY_UISupportedInterfaceOrientations_iPad = "UIInterfaceOrientationPortrait UIInterfaceOrientationPortraitUpsideDown UIInterfaceOrientationLandscapeLeft UIInterfaceOrientationLandscapeRight";
				INFOPLIST_KEY_UISupportedInterfaceOrientations_iPhone = "UIInterfaceOrientationPortrait UIInterfaceOrientationLandscapeLeft UIInterfaceOrientationLandscapeRight";
				LD_RUNPATH_SEARCH_PATHS = (
					"$(inherited)",
					"@executable_path/Frameworks",
				);
				MARKETING_VERSION = 1.0;
				PRODUCT_BUNDLE_IDENTIFIER = com.something.SettingsEditorPreview;
				PRODUCT_NAME = "$(TARGET_NAME)";
				SWIFT_EMIT_LOC_STRINGS = YES;
				SWIFT_VERSION = 5.0;
				TARGETED_DEVICE_FAMILY = "1,2";
			};
			name = Release;
		};
		418F9A0826ECB3840005624B /* Debug */ = {
			isa = XCBuildConfiguration;
			buildSettings = {
				ALWAYS_SEARCH_USER_PATHS = NO;
				CLANG_ANALYZER_NONNULL = YES;
				CLANG_ANALYZER_NUMBER_OBJECT_CONVERSION = YES_AGGRESSIVE;
				CLANG_CXX_LANGUAGE_STANDARD = "gnu++14";
				CLANG_CXX_LIBRARY = "libc++";
				CLANG_ENABLE_MODULES = YES;
				CLANG_ENABLE_OBJC_ARC = YES;
				CLANG_ENABLE_OBJC_WEAK = YES;
				CLANG_WARN_BLOCK_CAPTURE_AUTORELEASING = YES;
				CLANG_WARN_BOOL_CONVERSION = YES;
				CLANG_WARN_COMMA = YES;
				CLANG_WARN_CONSTANT_CONVERSION = YES;
				CLANG_WARN_DEPRECATED_OBJC_IMPLEMENTATIONS = YES;
				CLANG_WARN_DIRECT_OBJC_ISA_USAGE = YES_ERROR;
				CLANG_WARN_DOCUMENTATION_COMMENTS = YES;
				CLANG_WARN_EMPTY_BODY = YES;
				CLANG_WARN_ENUM_CONVERSION = YES;
				CLANG_WARN_INFINITE_RECURSION = YES;
				CLANG_WARN_INT_CONVERSION = YES;
				CLANG_WARN_NON_LITERAL_NULL_CONVERSION = YES;
				CLANG_WARN_OBJC_IMPLICIT_RETAIN_SELF = YES;
				CLANG_WARN_OBJC_LITERAL_CONVERSION = YES;
				CLANG_WARN_OBJC_ROOT_CLASS = YES_ERROR;
				CLANG_WARN_QUOTED_INCLUDE_IN_FRAMEWORK_HEADER = YES;
				CLANG_WARN_RANGE_LOOP_ANALYSIS = YES;
				CLANG_WARN_STRICT_PROTOTYPES = YES;
				CLANG_WARN_SUSPICIOUS_MOVE = YES;
				CLANG_WARN_UNGUARDED_AVAILABILITY = YES_AGGRESSIVE;
				CLANG_WARN_UNREACHABLE_CODE = YES;
				CLANG_WARN__DUPLICATE_METHOD_MATCH = YES;
				COPY_PHASE_STRIP = NO;
				DEBUG_INFORMATION_FORMAT = dwarf;
				ENABLE_STRICT_OBJC_MSGSEND = YES;
				ENABLE_TESTABILITY = YES;
				GCC_C_LANGUAGE_STANDARD = gnu11;
				GCC_DYNAMIC_NO_PIC = NO;
				GCC_NO_COMMON_BLOCKS = YES;
				GCC_OPTIMIZATION_LEVEL = 0;
				GCC_PREPROCESSOR_DEFINITIONS = (
					"DEBUG=1",
					"$(inherited)",
				);
				GCC_WARN_64_TO_32_BIT_CONVERSION = YES;
				GCC_WARN_ABOUT_RETURN_TYPE = YES_ERROR;
				GCC_WARN_UNDECLARED_SELECTOR = YES;
				GCC_WARN_UNINITIALIZED_AUTOS = YES_AGGRESSIVE;
				GCC_WARN_UNUSED_FUNCTION = YES;
				GCC_WARN_UNUSED_VARIABLE = YES;
				IPHONEOS_DEPLOYMENT_TARGET = 15.0;
				MTL_ENABLE_DEBUG_INFO = INCLUDE_SOURCE;
				MTL_FAST_MATH = YES;
				ONLY_ACTIVE_ARCH = YES;
				SDKROOT = iphoneos;
				SWIFT_ACTIVE_COMPILATION_CONDITIONS = DEBUG;
				SWIFT_OPTIMIZATION_LEVEL = "-Onone";
			};
			name = Debug;
		};
		418F9A0926ECB3840005624B /* Release */ = {
			isa = XCBuildConfiguration;
			buildSettings = {
				ALWAYS_SEARCH_USER_PATHS = NO;
				CLANG_ANALYZER_NONNULL = YES;
				CLANG_ANALYZER_NUMBER_OBJECT_CONVERSION = YES_AGGRESSIVE;
				CLANG_CXX_LANGUAGE_STANDARD = "gnu++14";
				CLANG_CXX_LIBRARY = "libc++";
				CLANG_ENABLE_MODULES = YES;
				CLANG_ENABLE_OBJC_ARC = YES;
				CLANG_ENABLE_OBJC_WEAK = YES;
				CLANG_WARN_BLOCK_CAPTURE_AUTORELEASING = YES;
				CLANG_WARN_BOOL_CONVERSION = YES;
				CLANG_WARN_COMMA = YES;
				CLANG_WARN_CONSTANT_CONVERSION = YES;
				CLANG_WARN_DEPRECATED_OBJC_IMPLEMENTATIONS = YES;
				CLANG_WARN_DIRECT_OBJC_ISA_USAGE = YES_ERROR;
				CLANG_WARN_DOCUMENTATION_COMMENTS = YES;
				CLANG_WARN_EMPTY_BODY = YES;
				CLANG_WARN_ENUM_CONVERSION = YES;
				CLANG_WARN_INFINITE_RECURSION = YES;
				CLANG_WARN_INT_CONVERSION = YES;
				CLANG_WARN_NON_LITERAL_NULL_CONVERSION = YES;
				CLANG_WARN_OBJC_IMPLICIT_RETAIN_SELF = YES;
				CLANG_WARN_OBJC_LITERAL_CONVERSION = YES;
				CLANG_WARN_OBJC_ROOT_CLASS = YES_ERROR;
				CLANG_WARN_QUOTED_INCLUDE_IN_FRAMEWORK_HEADER = YES;
				CLANG_WARN_RANGE_LOOP_ANALYSIS = YES;
				CLANG_WARN_STRICT_PROTOTYPES = YES;
				CLANG_WARN_SUSPICIOUS_MOVE = YES;
				CLANG_WARN_UNGUARDED_AVAILABILITY = YES_AGGRESSIVE;
				CLANG_WARN_UNREACHABLE_CODE = YES;
				CLANG_WARN__DUPLICATE_METHOD_MATCH = YES;
				COPY_PHASE_STRIP = NO;
				DEBUG_INFORMATION_FORMAT = "dwarf-with-dsym";
				ENABLE_NS_ASSERTIONS = NO;
				ENABLE_STRICT_OBJC_MSGSEND = YES;
				GCC_C_LANGUAGE_STANDARD = gnu11;
				GCC_NO_COMMON_BLOCKS = YES;
				GCC_WARN_64_TO_32_BIT_CONVERSION = YES;
				GCC_WARN_ABOUT_RETURN_TYPE = YES_ERROR;
				GCC_WARN_UNDECLARED_SELECTOR = YES;
				GCC_WARN_UNINITIALIZED_AUTOS = YES_AGGRESSIVE;
				GCC_WARN_UNUSED_FUNCTION = YES;
				GCC_WARN_UNUSED_VARIABLE = YES;
				IPHONEOS_DEPLOYMENT_TARGET = 15.0;
				MTL_ENABLE_DEBUG_INFO = NO;
				MTL_FAST_MATH = YES;
				SDKROOT = iphoneos;
				SWIFT_COMPILATION_MODE = wholemodule;
				SWIFT_OPTIMIZATION_LEVEL = "-O";
				VALIDATE_PRODUCT = YES;
			};
			name = Release;
		};
		418F9A2326ECB39B0005624B /* Debug */ = {
			isa = XCBuildConfiguration;
			buildSettings = {
				ASSETCATALOG_COMPILER_APPICON_NAME = AppIcon;
				ASSETCATALOG_COMPILER_GLOBAL_ACCENT_COLOR_NAME = AccentColor;
				CODE_SIGN_STYLE = Automatic;
				DEVELOPMENT_TEAM = F3Q5VERFTA;
				INFOPLIST_FILE = iOS/Info.plist;
				LD_RUNPATH_SEARCH_PATHS = (
					"$(inherited)",
					"@executable_path/Frameworks",
				);
				PRODUCT_BUNDLE_IDENTIFIER = com.something.iOS;
				PRODUCT_NAME = "$(TARGET_NAME)";
				SWIFT_VERSION = 5.0;
				TARGETED_DEVICE_FAMILY = "1,2";
			};
			name = Debug;
		};
		418F9A2426ECB39B0005624B /* Release */ = {
			isa = XCBuildConfiguration;
			buildSettings = {
				ASSETCATALOG_COMPILER_APPICON_NAME = AppIcon;
				ASSETCATALOG_COMPILER_GLOBAL_ACCENT_COLOR_NAME = AccentColor;
				CODE_SIGN_STYLE = Automatic;
				DEVELOPMENT_TEAM = F3Q5VERFTA;
				INFOPLIST_FILE = iOS/Info.plist;
				LD_RUNPATH_SEARCH_PATHS = (
					"$(inherited)",
					"@executable_path/Frameworks",
				);
				PRODUCT_BUNDLE_IDENTIFIER = com.something.iOS;
				PRODUCT_NAME = "$(TARGET_NAME)";
				SWIFT_VERSION = 5.0;
				TARGETED_DEVICE_FAMILY = "1,2";
			};
			name = Release;
		};
		4198973F26EE099A008CB625 /* Debug */ = {
			isa = XCBuildConfiguration;
			buildSettings = {
				ASSETCATALOG_COMPILER_APPICON_NAME = AppIcon;
				ASSETCATALOG_COMPILER_GLOBAL_ACCENT_COLOR_NAME = AccentColor;
				CLANG_CXX_LANGUAGE_STANDARD = "gnu++17";
				CODE_SIGN_STYLE = Automatic;
				CURRENT_PROJECT_VERSION = 1;
				DEVELOPMENT_TEAM = F3Q5VERFTA;
				GENERATE_INFOPLIST_FILE = YES;
				INFOPLIST_FILE = Previews/NotificationSettingsEditorPreview/Info.plist;
				INFOPLIST_KEY_UIApplicationSupportsIndirectInputEvents = YES;
				INFOPLIST_KEY_UILaunchStoryboardName = LaunchScreen;
				INFOPLIST_KEY_UISupportedInterfaceOrientations_iPad = "UIInterfaceOrientationPortrait UIInterfaceOrientationPortraitUpsideDown UIInterfaceOrientationLandscapeLeft UIInterfaceOrientationLandscapeRight";
				INFOPLIST_KEY_UISupportedInterfaceOrientations_iPhone = "UIInterfaceOrientationPortrait UIInterfaceOrientationLandscapeLeft UIInterfaceOrientationLandscapeRight";
				LD_RUNPATH_SEARCH_PATHS = (
					"$(inherited)",
					"@executable_path/Frameworks",
				);
				MARKETING_VERSION = 1.0;
				PRODUCT_BUNDLE_IDENTIFIER = com.something.NotificationSettingsEditorPreview;
				PRODUCT_NAME = "$(TARGET_NAME)";
				SWIFT_EMIT_LOC_STRINGS = YES;
				SWIFT_VERSION = 5.0;
				TARGETED_DEVICE_FAMILY = "1,2";
			};
			name = Debug;
		};
		4198974026EE099A008CB625 /* Release */ = {
			isa = XCBuildConfiguration;
			buildSettings = {
				ASSETCATALOG_COMPILER_APPICON_NAME = AppIcon;
				ASSETCATALOG_COMPILER_GLOBAL_ACCENT_COLOR_NAME = AccentColor;
				CLANG_CXX_LANGUAGE_STANDARD = "gnu++17";
				CODE_SIGN_STYLE = Automatic;
				CURRENT_PROJECT_VERSION = 1;
				DEVELOPMENT_TEAM = F3Q5VERFTA;
				GENERATE_INFOPLIST_FILE = YES;
				INFOPLIST_FILE = Previews/NotificationSettingsEditorPreview/Info.plist;
				INFOPLIST_KEY_UIApplicationSupportsIndirectInputEvents = YES;
				INFOPLIST_KEY_UILaunchStoryboardName = LaunchScreen;
				INFOPLIST_KEY_UISupportedInterfaceOrientations_iPad = "UIInterfaceOrientationPortrait UIInterfaceOrientationPortraitUpsideDown UIInterfaceOrientationLandscapeLeft UIInterfaceOrientationLandscapeRight";
				INFOPLIST_KEY_UISupportedInterfaceOrientations_iPhone = "UIInterfaceOrientationPortrait UIInterfaceOrientationLandscapeLeft UIInterfaceOrientationLandscapeRight";
				LD_RUNPATH_SEARCH_PATHS = (
					"$(inherited)",
					"@executable_path/Frameworks",
				);
				MARKETING_VERSION = 1.0;
				PRODUCT_BUNDLE_IDENTIFIER = com.something.NotificationSettingsEditorPreview;
				PRODUCT_NAME = "$(TARGET_NAME)";
				SWIFT_EMIT_LOC_STRINGS = YES;
				SWIFT_VERSION = 5.0;
				TARGETED_DEVICE_FAMILY = "1,2";
			};
			name = Release;
		};
		41B9AA8826EF315900CE6606 /* Debug */ = {
			isa = XCBuildConfiguration;
			buildSettings = {
				ASSETCATALOG_COMPILER_APPICON_NAME = AppIcon;
				ASSETCATALOG_COMPILER_GLOBAL_ACCENT_COLOR_NAME = AccentColor;
				CLANG_CXX_LANGUAGE_STANDARD = "gnu++17";
				CODE_SIGN_STYLE = Automatic;
				CURRENT_PROJECT_VERSION = 1;
				DEVELOPMENT_TEAM = F3Q5VERFTA;
				GENERATE_INFOPLIST_FILE = YES;
				INFOPLIST_FILE = Previews/RingsViewPreview/Info.plist;
				INFOPLIST_KEY_UIApplicationSupportsIndirectInputEvents = YES;
				INFOPLIST_KEY_UILaunchStoryboardName = LaunchScreen;
				INFOPLIST_KEY_UISupportedInterfaceOrientations_iPad = "UIInterfaceOrientationPortrait UIInterfaceOrientationPortraitUpsideDown UIInterfaceOrientationLandscapeLeft UIInterfaceOrientationLandscapeRight";
				INFOPLIST_KEY_UISupportedInterfaceOrientations_iPhone = "UIInterfaceOrientationPortrait UIInterfaceOrientationLandscapeLeft UIInterfaceOrientationLandscapeRight";
				LD_RUNPATH_SEARCH_PATHS = (
					"$(inherited)",
					"@executable_path/Frameworks",
				);
				MARKETING_VERSION = 1.0;
				PRODUCT_BUNDLE_IDENTIFIER = com.something.RingsViewPreview;
				PRODUCT_NAME = "$(TARGET_NAME)";
				SWIFT_EMIT_LOC_STRINGS = YES;
				SWIFT_VERSION = 5.0;
				TARGETED_DEVICE_FAMILY = "1,2";
			};
			name = Debug;
		};
		41B9AA8926EF315900CE6606 /* Release */ = {
			isa = XCBuildConfiguration;
			buildSettings = {
				ASSETCATALOG_COMPILER_APPICON_NAME = AppIcon;
				ASSETCATALOG_COMPILER_GLOBAL_ACCENT_COLOR_NAME = AccentColor;
				CLANG_CXX_LANGUAGE_STANDARD = "gnu++17";
				CODE_SIGN_STYLE = Automatic;
				CURRENT_PROJECT_VERSION = 1;
				DEVELOPMENT_TEAM = F3Q5VERFTA;
				GENERATE_INFOPLIST_FILE = YES;
				INFOPLIST_FILE = Previews/RingsViewPreview/Info.plist;
				INFOPLIST_KEY_UIApplicationSupportsIndirectInputEvents = YES;
				INFOPLIST_KEY_UILaunchStoryboardName = LaunchScreen;
				INFOPLIST_KEY_UISupportedInterfaceOrientations_iPad = "UIInterfaceOrientationPortrait UIInterfaceOrientationPortraitUpsideDown UIInterfaceOrientationLandscapeLeft UIInterfaceOrientationLandscapeRight";
				INFOPLIST_KEY_UISupportedInterfaceOrientations_iPhone = "UIInterfaceOrientationPortrait UIInterfaceOrientationLandscapeLeft UIInterfaceOrientationLandscapeRight";
				LD_RUNPATH_SEARCH_PATHS = (
					"$(inherited)",
					"@executable_path/Frameworks",
				);
				MARKETING_VERSION = 1.0;
				PRODUCT_BUNDLE_IDENTIFIER = com.something.RingsViewPreview;
				PRODUCT_NAME = "$(TARGET_NAME)";
				SWIFT_EMIT_LOC_STRINGS = YES;
				SWIFT_VERSION = 5.0;
				TARGETED_DEVICE_FAMILY = "1,2";
			};
			name = Release;
		};
/* End XCBuildConfiguration section */

/* Begin XCConfigurationList section */
		416F650826EE244F000DF69C /* Build configuration list for PBXNativeTarget "SettingsEditorPreview" */ = {
			isa = XCConfigurationList;
			buildConfigurations = (
				416F650926EE244F000DF69C /* Debug */,
				416F650A26EE244F000DF69C /* Release */,
			);
			defaultConfigurationIsVisible = 0;
			defaultConfigurationName = Release;
		};
		418F99F126ECB3830005624B /* Build configuration list for PBXProject "TimeTargets" */ = {
			isa = XCConfigurationList;
			buildConfigurations = (
				418F9A0826ECB3840005624B /* Debug */,
				418F9A0926ECB3840005624B /* Release */,
			);
			defaultConfigurationIsVisible = 0;
			defaultConfigurationName = Release;
		};
		418F9A2226ECB39B0005624B /* Build configuration list for PBXNativeTarget "iOS" */ = {
			isa = XCConfigurationList;
			buildConfigurations = (
				418F9A2326ECB39B0005624B /* Debug */,
				418F9A2426ECB39B0005624B /* Release */,
			);
			defaultConfigurationIsVisible = 0;
			defaultConfigurationName = Release;
		};
		4198974126EE099A008CB625 /* Build configuration list for PBXNativeTarget "NotificationSettingsEditorPreview" */ = {
			isa = XCConfigurationList;
			buildConfigurations = (
				4198973F26EE099A008CB625 /* Debug */,
				4198974026EE099A008CB625 /* Release */,
			);
			defaultConfigurationIsVisible = 0;
			defaultConfigurationName = Release;
		};
		41B9AA8A26EF315900CE6606 /* Build configuration list for PBXNativeTarget "RingsViewPreview" */ = {
			isa = XCConfigurationList;
			buildConfigurations = (
				41B9AA8826EF315900CE6606 /* Debug */,
				41B9AA8926EF315900CE6606 /* Release */,
			);
			defaultConfigurationIsVisible = 0;
			defaultConfigurationName = Release;
		};
/* End XCConfigurationList section */

/* Begin XCSwiftPackageProductDependency section */
		4117DBFC26ECB59100DE4AEA /* SwiftUIKit */ = {
			isa = XCSwiftPackageProductDependency;
			productName = SwiftUIKit;
		};
		416F650D26EE24D8000DF69C /* SettingsEditor */ = {
			isa = XCSwiftPackageProductDependency;
			productName = SettingsEditor;
		};
		4198974226EE0A61008CB625 /* NotificationSettingsEditor */ = {
			isa = XCSwiftPackageProductDependency;
			productName = NotificationSettingsEditor;
		};
		41B9AA8B26EF324500CE6606 /* RingsView */ = {
			isa = XCSwiftPackageProductDependency;
			productName = RingsView;
		};
		41F7333926EFDC6800D96D11 /* RingsView */ = {
			isa = XCSwiftPackageProductDependency;
			productName = RingsView;
		};
/* End XCSwiftPackageProductDependency section */
	};
	rootObject = 418F99EE26ECB3830005624B /* Project object */;
}
